Microsoft Visual Studio Solution File, Format Version 11.00
# Visual Studio 2008

Project("{26B9286D-E07C-EFED-E48B-3EACFC44788F}") = "4 Way", "Assembly-CSharp-firstpass.csproj", "{DC66AD21-D186-8618-6D98-FACE87FF5B7D}"
EndProject
Project("{26B9286D-E07C-EFED-E48B-3EACFC44788F}") = "4 Way", "Assembly-CSharp.csproj", "{3DEF4AEE-19D0-F534-93AC-BB32D768175D}"
EndProject
Project("{26B9286D-E07C-EFED-E48B-3EACFC44788F}") = "4 Way", "Assembly-CSharp-Editor.csproj", "{C39A78A4-89B0-4AA8-DD08-1AB416F6C630}"
EndProject
Global
	GlobalSection(SolutionConfigurationPlatforms) = preSolution
		Debug|Any CPU = Debug|Any CPU
		Release|Any CPU = Release|Any CPU
	EndGlobalSection
	GlobalSection(ProjectConfigurationPlatforms) = postSolution
		{DC66AD21-D186-8618-6D98-FACE87FF5B7D}.Debug|Any CPU.ActiveCfg = Debug|Any CPU
		{DC66AD21-D186-8618-6D98-FACE87FF5B7D}.Debug|Any CPU.Build.0 = Debug|Any CPU
		{DC66AD21-D186-8618-6D98-FACE87FF5B7D}.Release|Any CPU.ActiveCfg = Release|Any CPU
		{DC66AD21-D186-8618-6D98-FACE87FF5B7D}.Release|Any CPU.Build.0 = Release|Any CPU
		{3DEF4AEE-19D0-F534-93AC-BB32D768175D}.Debug|Any CPU.ActiveCfg = Debug|Any CPU
		{3DEF4AEE-19D0-F534-93AC-BB32D768175D}.Debug|Any CPU.Build.0 = Debug|Any CPU
		{3DEF4AEE-19D0-F534-93AC-BB32D768175D}.Release|Any CPU.ActiveCfg = Release|Any CPU
		{3DEF4AEE-19D0-F534-93AC-BB32D768175D}.Release|Any CPU.Build.0 = Release|Any CPU
		{C39A78A4-89B0-4AA8-DD08-1AB416F6C630}.Debug|Any CPU.ActiveCfg = Debug|Any CPU
		{C39A78A4-89B0-4AA8-DD08-1AB416F6C630}.Debug|Any CPU.Build.0 = Debug|Any CPU
		{C39A78A4-89B0-4AA8-DD08-1AB416F6C630}.Release|Any CPU.ActiveCfg = Release|Any CPU
		{C39A78A4-89B0-4AA8-DD08-1AB416F6C630}.Release|Any CPU.Build.0 = Release|Any CPU
	EndGlobalSection
	GlobalSection(SolutionProperties) = preSolution
		HideSolutionNode = FALSE
	EndGlobalSection
	GlobalSection(MonoDevelopProperties) = preSolution
		StartupItem = Assembly-CSharp.csproj
	EndGlobalSection
EndGlobal
